
Microsoft Visual Studio Solution File, Format Version 12.00
# Visual Studio Version 16
VisualStudioVersion = 16.0.29418.71
MinimumVisualStudioVersion = 10.0.40219.1
Project("{FAE04EC0-301F-11D3-BF4B-00C04F79EFBC}") = "EShop.Services.Orders", "EShop.Services.Orders\EShop.Services.Orders.csproj", "{68537B26-9BEE-4376-8DAB-AA45C63BE2BF}"
EndProject
Project("{FAE04EC0-301F-11D3-BF4B-00C04F79EFBC}") = "EShop.Services.Price", "EShop.Services.Price\EShop.Services.Price.csproj", "{C37B62B5-99AB-4623-8B1A-97201066B735}"
EndProject
Project("{FAE04EC0-301F-11D3-BF4B-00C04F79EFBC}") = "EShop.Services.Deliveries", "EShop.Services.Delivery\EShop.Services.Deliveries.csproj", "{D4E9E669-31F4-4FC0-9DFE-589350D8ED9D}"
EndProject
Project("{2150E333-8FDC-42A3-9474-1A3956D46DE8}") = "Docker-compose", "Docker-compose", "{3DC5B5DE-5D71-47D5-BEA2-97C99C4F0785}"
	ProjectSection(SolutionItems) = preProject
		docker-compose.yaml = docker-compose.yaml
	EndProjectSection
EndProject
Global
	GlobalSection(SolutionConfigurationPlatforms) = preSolution
		Debug|Any CPU = Debug|Any CPU
		Release|Any CPU = Release|Any CPU
	EndGlobalSection
	GlobalSection(ProjectConfigurationPlatforms) = postSolution
		{68537B26-9BEE-4376-8DAB-AA45C63BE2BF}.Debug|Any CPU.ActiveCfg = Debug|Any CPU
		{68537B26-9BEE-4376-8DAB-AA45C63BE2BF}.Debug|Any CPU.Build.0 = Debug|Any CPU
		{68537B26-9BEE-4376-8DAB-AA45C63BE2BF}.Release|Any CPU.ActiveCfg = Release|Any CPU
		{68537B26-9BEE-4376-8DAB-AA45C63BE2BF}.Release|Any CPU.Build.0 = Release|Any CPU
		{C37B62B5-99AB-4623-8B1A-97201066B735}.Debug|Any CPU.ActiveCfg = Debug|Any CPU
		{C37B62B5-99AB-4623-8B1A-97201066B735}.Debug|Any CPU.Build.0 = Debug|Any CPU
		{C37B62B5-99AB-4623-8B1A-97201066B735}.Release|Any CPU.ActiveCfg = Release|Any CPU
		{C37B62B5-99AB-4623-8B1A-97201066B735}.Release|Any CPU.Build.0 = Release|Any CPU
		{D4E9E669-31F4-4FC0-9DFE-589350D8ED9D}.Debug|Any CPU.ActiveCfg = Debug|Any CPU
		{D4E9E669-31F4-4FC0-9DFE-589350D8ED9D}.Debug|Any CPU.Build.0 = Debug|Any CPU
		{D4E9E669-31F4-4FC0-9DFE-589350D8ED9D}.Release|Any CPU.ActiveCfg = Release|Any CPU
		{D4E9E669-31F4-4FC0-9DFE-589350D8ED9D}.Release|Any CPU.Build.0 = Release|Any CPU
	EndGlobalSection
	GlobalSection(SolutionProperties) = preSolution
		HideSolutionNode = FALSE
	EndGlobalSection
	GlobalSection(ExtensibilityGlobals) = postSolution
		SolutionGuid = {A0524EC6-79F9-43E5-969D-D83C765D20BF}
	EndGlobalSection
EndGlobal
